
Microsoft Visual Studio Solution File, Format Version 12.00
# Visual Studio 15
VisualStudioVersion = 15.0.28307.329
MinimumVisualStudioVersion = 10.0.40219.1
Project("{FAE04EC0-301F-11D3-BF4B-00C04F79EFBC}") = "ii(dinahyi)", "ii(dinahyi)\ii(dinahyi).csproj", "{86A7A1FB-095F-4FAA-99A1-A13B5540A775}"
EndProject
Global
	GlobalSection(SolutionConfigurationPlatforms) = preSolution
		Debug|Any CPU = Debug|Any CPU
		Release|Any CPU = Release|Any CPU
	EndGlobalSection
	GlobalSection(ProjectConfigurationPlatforms) = postSolution
		{86A7A1FB-095F-4FAA-99A1-A13B5540A775}.Debug|Any CPU.ActiveCfg = Debug|Any CPU
		{86A7A1FB-095F-4FAA-99A1-A13B5540A775}.Debug|Any CPU.Build.0 = Debug|Any CPU
		{86A7A1FB-095F-4FAA-99A1-A13B5540A775}.Release|Any CPU.ActiveCfg = Release|Any CPU
		{86A7A1FB-095F-4FAA-99A1-A13B5540A775}.Release|Any CPU.Build.0 = Release|Any CPU
	EndGlobalSection
	GlobalSection(SolutionProperties) = preSolution
		HideSolutionNode = FALSE
	EndGlobalSection
	GlobalSection(ExtensibilityGlobals) = postSolution
		SolutionGuid = {77B10852-8028-46C5-9565-9F301911B47C}
	EndGlobalSection
EndGlobal
